// !$*UTF8*$!
{
	archiveVersion = 1;
	classes = {
	};
	objectVersion = 46;
	objects = {

/* Begin PBXBuildFile section */
		8FBF7A7E1F394B1F00E51E0B /* AppDelegate.swift in Sources */ = {isa = PBXBuildFile; fileRef = 8FBF7A7D1F394B1F00E51E0B /* AppDelegate.swift */; };
		8FBF7A801F394B1F00E51E0B /* ViewController.swift in Sources */ = {isa = PBXBuildFile; fileRef = 8FBF7A7F1F394B1F00E51E0B /* ViewController.swift */; };
		8FBF7A831F394B2000E51E0B /* Main.storyboard in Resources */ = {isa = PBXBuildFile; fileRef = 8FBF7A811F394B2000E51E0B /* Main.storyboard */; };
		8FBF7A851F394B2000E51E0B /* Assets.xcassets in Resources */ = {isa = PBXBuildFile; fileRef = 8FBF7A841F394B2000E51E0B /* Assets.xcassets */; };
		8FBF7A881F394B2000E51E0B /* LaunchScreen.storyboard in Resources */ = {isa = PBXBuildFile; fileRef = 8FBF7A861F394B2000E51E0B /* LaunchScreen.storyboard */; };
		8FBF7A901F39519000E51E0B /* PusherConfig.swift in Sources */ = {isa = PBXBuildFile; fileRef = 8FBF7A8F1F39519000E51E0B /* PusherConfig.swift */; };
		90A1BB85798A7B040C288CE5 /* Pods_Sample_PusherSwift.framework in Frameworks */ = {isa = PBXBuildFile; fileRef = 5B862100FD1F6E87C085B314 /* Pods_Sample_PusherSwift.framework */; };
/* End PBXBuildFile section */

/* Begin PBXFileReference section */
		1B8DFE7086D86D16EE1CC280 /* Pods-Sample PusherSwift.release.xcconfig */ = {isa = PBXFileReference; includeInIndex = 1; lastKnownFileType = text.xcconfig; name = "Pods-Sample PusherSwift.release.xcconfig"; path = "Pods/Target Support Files/Pods-Sample PusherSwift/Pods-Sample PusherSwift.release.xcconfig"; sourceTree = "<group>"; };
		2CB83811A82D59EDBE7F6FF1 /* Pods-Sample PusherSwift.debug.xcconfig */ = {isa = PBXFileReference; includeInIndex = 1; lastKnownFileType = text.xcconfig; name = "Pods-Sample PusherSwift.debug.xcconfig"; path = "Pods/Target Support Files/Pods-Sample PusherSwift/Pods-Sample PusherSwift.debug.xcconfig"; sourceTree = "<group>"; };
		5B862100FD1F6E87C085B314 /* Pods_Sample_PusherSwift.framework */ = {isa = PBXFileReference; explicitFileType = wrapper.framework; includeInIndex = 0; path = Pods_Sample_PusherSwift.framework; sourceTree = BUILT_PRODUCTS_DIR; };
		8FBF7A7A1F394B1F00E51E0B /* Sample PusherSwift.app */ = {isa = PBXFileReference; explicitFileType = wrapper.application; includeInIndex = 0; path = "Sample PusherSwift.app"; sourceTree = BUILT_PRODUCTS_DIR; };
		8FBF7A7D1F394B1F00E51E0B /* AppDelegate.swift */ = {isa = PBXFileReference; lastKnownFileType = sourcecode.swift; path = AppDelegate.swift; sourceTree = "<group>"; };
		8FBF7A7F1F394B1F00E51E0B /* ViewController.swift */ = {isa = PBXFileReference; lastKnownFileType = sourcecode.swift; path = ViewController.swift; sourceTree = "<group>"; };
		8FBF7A821F394B2000E51E0B /* Base */ = {isa = PBXFileReference; lastKnownFileType = file.storyboard; name = Base; path = Base.lproj/Main.storyboard; sourceTree = "<group>"; };
		8FBF7A841F394B2000E51E0B /* Assets.xcassets */ = {isa = PBXFileReference; lastKnownFileType = folder.assetcatalog; path = Assets.xcassets; sourceTree = "<group>"; };
		8FBF7A871F394B2000E51E0B /* Base */ = {isa = PBXFileReference; lastKnownFileType = file.storyboard; name = Base; path = Base.lproj/LaunchScreen.storyboard; sourceTree = "<group>"; };
		8FBF7A891F394B2000E51E0B /* Info.plist */ = {isa = PBXFileReference; lastKnownFileType = text.plist.xml; path = Info.plist; sourceTree = "<group>"; };
		8FBF7A8F1F39519000E51E0B /* PusherConfig.swift */ = {isa = PBXFileReference; fileEncoding = 4; lastKnownFileType = sourcecode.swift; path = PusherConfig.swift; sourceTree = "<group>"; };
/* End PBXFileReference section */

/* Begin PBXFrameworksBuildPhase section */
		8FBF7A771F394B1F00E51E0B /* Frameworks */ = {
			isa = PBXFrameworksBuildPhase;
			buildActionMask = 2147483647;
			files = (
				90A1BB85798A7B040C288CE5 /* Pods_Sample_PusherSwift.framework in Frameworks */,
			);
			runOnlyForDeploymentPostprocessing = 0;
		};
/* End PBXFrameworksBuildPhase section */

/* Begin PBXGroup section */
		8FBF7A711F394B1F00E51E0B = {
			isa = PBXGroup;
			children = (
				8FBF7A7C1F394B1F00E51E0B /* Sample PusherSwift */,
				8FBF7A7B1F394B1F00E51E0B /* Products */,
				BBD4924B39285C796587C1E3 /* Pods */,
				F76C44272E7424D65C8ED3D2 /* Frameworks */,
			);
			sourceTree = "<group>";
		};
		8FBF7A7B1F394B1F00E51E0B /* Products */ = {
			isa = PBXGroup;
			children = (
				8FBF7A7A1F394B1F00E51E0B /* Sample PusherSwift.app */,
			);
			name = Products;
			sourceTree = "<group>";
		};
		8FBF7A7C1F394B1F00E51E0B /* Sample PusherSwift */ = {
			isa = PBXGroup;
			children = (
				8FBF7A7D1F394B1F00E51E0B /* AppDelegate.swift */,
				8FBF7A7F1F394B1F00E51E0B /* ViewController.swift */,
				8FBF7A8F1F39519000E51E0B /* PusherConfig.swift */,
				8FBF7A811F394B2000E51E0B /* Main.storyboard */,
				8FBF7A841F394B2000E51E0B /* Assets.xcassets */,
				8FBF7A861F394B2000E51E0B /* LaunchScreen.storyboard */,
				8FBF7A891F394B2000E51E0B /* Info.plist */,
			);
			path = "Sample PusherSwift";
			sourceTree = "<group>";
		};
		BBD4924B39285C796587C1E3 /* Pods */ = {
			isa = PBXGroup;
			children = (
				2CB83811A82D59EDBE7F6FF1 /* Pods-Sample PusherSwift.debug.xcconfig */,
				1B8DFE7086D86D16EE1CC280 /* Pods-Sample PusherSwift.release.xcconfig */,
			);
			name = Pods;
			sourceTree = "<group>";
		};
		F76C44272E7424D65C8ED3D2 /* Frameworks */ = {
			isa = PBXGroup;
			children = (
				5B862100FD1F6E87C085B314 /* Pods_Sample_PusherSwift.framework */,
			);
			name = Frameworks;
			sourceTree = "<group>";
		};
/* End PBXGroup section */

/* Begin PBXNativeTarget section */
		8FBF7A791F394B1F00E51E0B /* Sample PusherSwift */ = {
			isa = PBXNativeTarget;
			buildConfigurationList = 8FBF7A8C1F394B2000E51E0B /* Build configuration list for PBXNativeTarget "Sample PusherSwift" */;
			buildPhases = (
				047EF37C8A9D98B67881E9A3 /* [CP] Check Pods Manifest.lock */,
				8FBF7A761F394B1F00E51E0B /* Sources */,
				8FBF7A771F394B1F00E51E0B /* Frameworks */,
				8FBF7A781F394B1F00E51E0B /* Resources */,
				F2613C01335C4DD16180EFD8 /* [CP] Embed Pods Frameworks */,
				CB26CB6614A8B49E1B684746 /* [CP] Copy Pods Resources */,
			);
			buildRules = (
			);
			dependencies = (
			);
			name = "Sample PusherSwift";
			productName = "Sample PusherSwift";
			productReference = 8FBF7A7A1F394B1F00E51E0B /* Sample PusherSwift.app */;
			productType = "com.apple.product-type.application";
		};
/* End PBXNativeTarget section */

/* Begin PBXProject section */
		8FBF7A721F394B1F00E51E0B /* Project object */ = {
			isa = PBXProject;
			attributes = {
				LastSwiftUpdateCheck = 0830;
				LastUpgradeCheck = 0830;
				ORGANIZATIONNAME = "Ryoh Hashimoto";
				TargetAttributes = {
					8FBF7A791F394B1F00E51E0B = {
						CreatedOnToolsVersion = 8.3.3;
						DevelopmentTeam = AJXGP38B7W;
						ProvisioningStyle = Automatic;
					};
				};
			};
			buildConfigurationList = 8FBF7A751F394B1F00E51E0B /* Build configuration list for PBXProject "Sample PusherSwift" */;
			compatibilityVersion = "Xcode 3.2";
			developmentRegion = English;
			hasScannedForEncodings = 0;
			knownRegions = (
				en,
				Base,
			);
			mainGroup = 8FBF7A711F394B1F00E51E0B;
			productRefGroup = 8FBF7A7B1F394B1F00E51E0B /* Products */;
			projectDirPath = "";
			projectRoot = "";
			targets = (
				8FBF7A791F394B1F00E51E0B /* Sample PusherSwift */,
			);
		};
/* End PBXProject section */

/* Begin PBXResourcesBuildPhase section */
		8FBF7A781F394B1F00E51E0B /* Resources */ = {
			isa = PBXResourcesBuildPhase;
			buildActionMask = 2147483647;
			files = (
				8FBF7A881F394B2000E51E0B /* LaunchScreen.storyboard in Resources */,
				8FBF7A851F394B2000E51E0B /* Assets.xcassets in Resources */,
				8FBF7A831F394B2000E51E0B /* Main.storyboard in Resources */,
			);
			runOnlyForDeploymentPostprocessing = 0;
		};
/* End PBXResourcesBuildPhase section */

/* Begin PBXShellScriptBuildPhase section */
		047EF37C8A9D98B67881E9A3 /* [CP] Check Pods Manifest.lock */ = {
			isa = PBXShellScriptBuildPhase;
			buildActionMask = 2147483647;
			files = (
			);
			inputPaths = (
				"${PODS_PODFILE_DIR_PATH}/Podfile.lock",
				"${PODS_ROOT}/Manifest.lock",
			);
			name = "[CP] Check Pods Manifest.lock";
			outputPaths = (
				"$(DERIVED_FILE_DIR)/Pods-Sample PusherSwift-checkManifestLockResult.txt",
			);
			runOnlyForDeploymentPostprocessing = 0;
			shellPath = /bin/sh;
			shellScript = "diff \"${PODS_PODFILE_DIR_PATH}/Podfile.lock\" \"${PODS_ROOT}/Manifest.lock\" > /dev/null\nif [ $? != 0 ] ; then\n    # print error to STDERR\n    echo \"error: The sandbox is not in sync with the Podfile.lock. Run 'pod install' or update your CocoaPods installation.\" >&2\n    exit 1\nfi\n# This output is used by Xcode 'outputs' to avoid re-running this script phase.\necho \"SUCCESS\" > \"${SCRIPT_OUTPUT_FILE_0}\"\n";
			showEnvVarsInLog = 0;
		};
		CB26CB6614A8B49E1B684746 /* [CP] Copy Pods Resources */ = {
			isa = PBXShellScriptBuildPhase;
			buildActionMask = 2147483647;
			files = (
			);
			inputPaths = (
			);
			name = "[CP] Copy Pods Resources";
			outputPaths = (
			);
			runOnlyForDeploymentPostprocessing = 0;
			shellPath = /bin/sh;
			shellScript = "\"${SRCROOT}/Pods/Target Support Files/Pods-Sample PusherSwift/Pods-Sample PusherSwift-resources.sh\"\n";
			showEnvVarsInLog = 0;
		};
		F2613C01335C4DD16180EFD8 /* [CP] Embed Pods Frameworks */ = {
			isa = PBXShellScriptBuildPhase;
			buildActionMask = 2147483647;
			files = (
			);
			inputPaths = (
				"${SRCROOT}/Pods/Target Support Files/Pods-Sample PusherSwift/Pods-Sample PusherSwift-frameworks.sh",
				"${BUILT_PRODUCTS_DIR}/PusherSwift/PusherSwift.framework",
				"${BUILT_PRODUCTS_DIR}/Toast-Swift/Toast_Swift.framework",
			);
			name = "[CP] Embed Pods Frameworks";
			outputPaths = (
				"${TARGET_BUILD_DIR}/${FRAMEWORKS_FOLDER_PATH}/PusherSwift.framework",
				"${TARGET_BUILD_DIR}/${FRAMEWORKS_FOLDER_PATH}/Toast_Swift.framework",
			);
			runOnlyForDeploymentPostprocessing = 0;
			shellPath = /bin/sh;
			shellScript = "\"${SRCROOT}/Pods/Target Support Files/Pods-Sample PusherSwift/Pods-Sample PusherSwift-frameworks.sh\"\n";
			showEnvVarsInLog = 0;
		};
/* End PBXShellScriptBuildPhase section */

/* Begin PBXSourcesBuildPhase section */
		8FBF7A761F394B1F00E51E0B /* Sources */ = {
			isa = PBXSourcesBuildPhase;
			buildActionMask = 2147483647;
			files = (
				8FBF7A901F39519000E51E0B /* PusherConfig.swift in Sources */,
				8FBF7A801F394B1F00E51E0B /* ViewController.swift in Sources */,
				8FBF7A7E1F394B1F00E51E0B /* AppDelegate.swift in Sources */,
			);
			runOnlyForDeploymentPostprocessing = 0;
		};
/* End PBXSourcesBuildPhase section */

/* Begin PBXVariantGroup section */
		8FBF7A811F394B2000E51E0B /* Main.storyboard */ = {
			isa = PBXVariantGroup;
			children = (
				8FBF7A821F394B2000E51E0B /* Base */,
			);
			name = Main.storyboard;
			sourceTree = "<group>";
		};
		8FBF7A861F394B2000E51E0B /* LaunchScreen.storyboard */ = {
			isa = PBXVariantGroup;
			children = (
				8FBF7A871F394B2000E51E0B /* Base */,
			);
			name = LaunchScreen.storyboard;
			sourceTree = "<group>";
		};
/* End PBXVariantGroup section */

/* Begin XCBuildConfiguration section */
		8FBF7A8A1F394B2000E51E0B /* Debug */ = {
			isa = XCBuildConfiguration;
			buildSettings = {
				ALWAYS_SEARCH_USER_PATHS = NO;
				CLANG_ANALYZER_NONNULL = YES;
				CLANG_ANALYZER_NUMBER_OBJECT_CONVERSION = YES_AGGRESSIVE;
				CLANG_CXX_LANGUAGE_STANDARD = "gnu++0x";
				CLANG_CXX_LIBRARY = "libc++";
				CLANG_ENABLE_MODULES = YES;
				CLANG_ENABLE_OBJC_ARC = YES;
				CLANG_WARN_BOOL_CONVERSION = YES;
				CLANG_WARN_CONSTANT_CONVERSION = YES;
				CLANG_WARN_DIRECT_OBJC_ISA_USAGE = YES_ERROR;
				CLANG_WARN_DOCUMENTATION_COMMENTS = YES;
				CLANG_WARN_EMPTY_BODY = YES;
				CLANG_WARN_ENUM_CONVERSION = YES;
				CLANG_WARN_INFINITE_RECURSION = YES;
				CLANG_WARN_INT_CONVERSION = YES;
				CLANG_WARN_OBJC_ROOT_CLASS = YES_ERROR;
				CLANG_WARN_SUSPICIOUS_MOVE = YES;
				CLANG_WARN_UNREACHABLE_CODE = YES;
				CLANG_WARN__DUPLICATE_METHOD_MATCH = YES;
				"CODE_SIGN_IDENTITY[sdk=iphoneos*]" = "iPhone Developer";
				COPY_PHASE_STRIP = NO;
				DEBUG_INFORMATION_FORMAT = dwarf;
				ENABLE_STRICT_OBJC_MSGSEND = YES;
				ENABLE_TESTABILITY = YES;
				GCC_C_LANGUAGE_STANDARD = gnu99;
				GCC_DYNAMIC_NO_PIC = NO;
				GCC_NO_COMMON_BLOCKS = YES;
				GCC_OPTIMIZATION_LEVEL = 0;
				GCC_PREPROCESSOR_DEFINITIONS = (
					"DEBUG=1",
					"$(inherited)",
				);
				GCC_WARN_64_TO_32_BIT_CONVERSION = YES;
				GCC_WARN_ABOUT_RETURN_TYPE = YES_ERROR;
				GCC_WARN_UNDECLARED_SELECTOR = YES;
				GCC_WARN_UNINITIALIZED_AUTOS = YES_AGGRESSIVE;
				GCC_WARN_UNUSED_FUNCTION = YES;
				GCC_WARN_UNUSED_VARIABLE = YES;
				IPHONEOS_DEPLOYMENT_TARGET = 10.3;
				MTL_ENABLE_DEBUG_INFO = YES;
				ONLY_ACTIVE_ARCH = YES;
				SDKROOT = iphoneos;
				SWIFT_ACTIVE_COMPILATION_CONDITIONS = DEBUG;
				SWIFT_OPTIMIZATION_LEVEL = "-Onone";
				TARGETED_DEVICE_FAMILY = "1,2";
			};
			name = Debug;
		};
		8FBF7A8B1F394B2000E51E0B /* Release */ = {
			isa = XCBuildConfiguration;
			buildSettings = {
				ALWAYS_SEARCH_USER_PATHS = NO;
				CLANG_ANALYZER_NONNULL = YES;
				CLANG_ANALYZER_NUMBER_OBJECT_CONVERSION = YES_AGGRESSIVE;
				CLANG_CXX_LANGUAGE_STANDARD = "gnu++0x";
				CLANG_CXX_LIBRARY = "libc++";
				CLANG_ENABLE_MODULES = YES;
				CLANG_ENABLE_OBJC_ARC = YES;
				CLANG_WARN_BOOL_CONVERSION = YES;
				CLANG_WARN_CONSTANT_CONVERSION = YES;
				CLANG_WARN_DIRECT_OBJC_ISA_USAGE = YES_ERROR;
				CLANG_WARN_DOCUMENTATION_COMMENTS = YES;
				CLANG_WARN_EMPTY_BODY = YES;
				CLANG_WARN_ENUM_CONVERSION = YES;
				CLANG_WARN_INFINITE_RECURSION = YES;
				CLANG_WARN_INT_CONVERSION = YES;
				CLANG_WARN_OBJC_ROOT_CLASS = YES_ERROR;
				CLANG_WARN_SUSPICIOUS_MOVE = YES;
				CLANG_WARN_UNREACHABLE_CODE = YES;
				CLANG_WARN__DUPLICATE_METHOD_MATCH = YES;
				"CODE_SIGN_IDENTITY[sdk=iphoneos*]" = "iPhone Developer";
				COPY_PHASE_STRIP = NO;
				DEBUG_INFORMATION_FORMAT = "dwarf-with-dsym";
				ENABLE_NS_ASSERTIONS = NO;
				ENABLE_STRICT_OBJC_MSGSEND = YES;
				GCC_C_LANGUAGE_STANDARD = gnu99;
				GCC_NO_COMMON_BLOCKS = YES;
				GCC_WARN_64_TO_32_BIT_CONVERSION = YES;
				GCC_WARN_ABOUT_RETURN_TYPE = YES_ERROR;
				GCC_WARN_UNDECLARED_SELECTOR = YES;
				GCC_WARN_UNINITIALIZED_AUTOS = YES_AGGRESSIVE;
				GCC_WARN_UNUSED_FUNCTION = YES;
				GCC_WARN_UNUSED_VARIABLE = YES;
				IPHONEOS_DEPLOYMENT_TARGET = 10.3;
				MTL_ENABLE_DEBUG_INFO = NO;
				SDKROOT = iphoneos;
				SWIFT_OPTIMIZATION_LEVEL = "-Owholemodule";
				TARGETED_DEVICE_FAMILY = "1,2";
				VALIDATE_PRODUCT = YES;
			};
			name = Release;
		};
		8FBF7A8D1F394B2000E51E0B /* Debug */ = {
			isa = XCBuildConfiguration;
			baseConfigurationReference = 2CB83811A82D59EDBE7F6FF1 /* Pods-Sample PusherSwift.debug.xcconfig */;
			buildSettings = {
				ASSETCATALOG_COMPILER_APPICON_NAME = AppIcon;
				DEVELOPMENT_TEAM = AJXGP38B7W;
				INFOPLIST_FILE = "Sample PusherSwift/Info.plist";
				LD_RUNPATH_SEARCH_PATHS = "$(inherited) @executable_path/Frameworks";
				PRODUCT_BUNDLE_IDENTIFIER = "com.hashimotoryoh.smaple.pusher-swift";
				PRODUCT_NAME = "$(TARGET_NAME)";
				SWIFT_VERSION = 3.0;
			};
			name = Debug;
		};
		8FBF7A8E1F394B2000E51E0B /* Release */ = {
			isa = XCBuildConfiguration;
			baseConfigurationReference = 1B8DFE7086D86D16EE1CC280 /* Pods-Sample PusherSwift.release.xcconfig */;
			buildSettings = {
				ASSETCATALOG_COMPILER_APPICON_NAME = AppIcon;
				DEVELOPMENT_TEAM = AJXGP38B7W;
				INFOPLIST_FILE = "Sample PusherSwift/Info.plist";
				LD_RUNPATH_SEARCH_PATHS = "$(inherited) @executable_path/Frameworks";
				PRODUCT_BUNDLE_IDENTIFIER = "com.hashimotoryoh.smaple.pusher-swift";
				PRODUCT_NAME = "$(TARGET_NAME)";
				SWIFT_VERSION = 3.0;
			};
			name = Release;
		};
/* End XCBuildConfiguration section */

/* Begin XCConfigurationList section */
		8FBF7A751F394B1F00E51E0B /* Build configuration list for PBXProject "Sample PusherSwift" */ = {
			isa = XCConfigurationList;
			buildConfigurations = (
				8FBF7A8A1F394B2000E51E0B /* Debug */,
				8FBF7A8B1F394B2000E51E0B /* Release */,
			);
			defaultConfigurationIsVisible = 0;
			defaultConfigurationName = Release;
		};
		8FBF7A8C1F394B2000E51E0B /* Build configuration list for PBXNativeTarget "Sample PusherSwift" */ = {
			isa = XCConfigurationList;
			buildConfigurations = (
				8FBF7A8D1F394B2000E51E0B /* Debug */,
				8FBF7A8E1F394B2000E51E0B /* Release */,
			);
			defaultConfigurationIsVisible = 0;
			defaultConfigurationName = Release;
		};
/* End XCConfigurationList section */
	};
	rootObject = 8FBF7A721F394B1F00E51E0B /* Project object */;
}
